
Microsoft Visual Studio Solution File, Format Version 12.00
# Visual Studio Version 17
VisualStudioVersion = 17.5.002.0
MinimumVisualStudioVersion = 10.0.40219.1
Project("{FAE04EC0-301F-11D3-BF4B-00C04F79EFBC}") = "Kafkaf.API", "Kafkaf.API\Kafkaf.API.csproj", "{92166250-45F0-4F74-88D7-F6D47847E751}"
EndProject
Project("{FAE04EC0-301F-11D3-BF4B-00C04F79EFBC}") = "Kafkaf.API.UnitTests", "Kafkaf.API.UnitTests\Kafkaf.API.UnitTests.csproj", "{DBA285E5-9FB0-49CE-A3D5-5244A178A2A6}"
EndProject
Global
	GlobalSection(SolutionConfigurationPlatforms) = preSolution
		Debug|Any CPU = Debug|Any CPU
		Release|Any CPU = Release|Any CPU
	EndGlobalSection
	GlobalSection(ProjectConfigurationPlatforms) = postSolution
		{92166250-45F0-4F74-88D7-F6D47847E751}.Debug|Any CPU.ActiveCfg = Debug|Any CPU
		{92166250-45F0-4F74-88D7-F6D47847E751}.Debug|Any CPU.Build.0 = Debug|Any CPU
		{92166250-45F0-4F74-88D7-F6D47847E751}.Release|Any CPU.ActiveCfg = Release|Any CPU
		{92166250-45F0-4F74-88D7-F6D47847E751}.Release|Any CPU.Build.0 = Release|Any CPU
		{DBA285E5-9FB0-49CE-A3D5-5244A178A2A6}.Debug|Any CPU.ActiveCfg = Debug|Any CPU
		{DBA285E5-9FB0-49CE-A3D5-5244A178A2A6}.Debug|Any CPU.Build.0 = Debug|Any CPU
		{DBA285E5-9FB0-49CE-A3D5-5244A178A2A6}.Release|Any CPU.ActiveCfg = Release|Any CPU
		{DBA285E5-9FB0-49CE-A3D5-5244A178A2A6}.Release|Any CPU.Build.0 = Release|Any CPU
	EndGlobalSection
	GlobalSection(SolutionProperties) = preSolution
		HideSolutionNode = FALSE
	EndGlobalSection
	GlobalSection(ExtensibilityGlobals) = postSolution
		SolutionGuid = {A5838F0D-1D33-4454-8472-05475697B088}
	EndGlobalSection
EndGlobal
